
Microsoft Visual Studio Solution File, Format Version 12.00
# Visual Studio 15
VisualStudioVersion = 15.0.27130.2010
MinimumVisualStudioVersion = 10.0.40219.1
Project("{8BC9CEB8-8B4A-11D0-8D11-00A0C91BC942}") = "AntWin", "AntWin\AntWin.vcxproj", "{E827ABD5-E931-4AF7-AECC-14A49D405FFC}"
EndProject
Global
	GlobalSection(SolutionConfigurationPlatforms) = preSolution
		Debug|x64 = Debug|x64
		Debug|x86 = Debug|x86
		Release|x64 = Release|x64
		Release|x86 = Release|x86
	EndGlobalSection
	GlobalSection(ProjectConfigurationPlatforms) = postSolution
		{E827ABD5-E931-4AF7-AECC-14A49D405FFC}.Debug|x64.ActiveCfg = Debug|x64
		{E827ABD5-E931-4AF7-AECC-14A49D405FFC}.Debug|x64.Build.0 = Debug|x64
		{E827ABD5-E931-4AF7-AECC-14A49D405FFC}.Debug|x86.ActiveCfg = Debug|Win32
		{E827ABD5-E931-4AF7-AECC-14A49D405FFC}.Debug|x86.Build.0 = Debug|Win32
		{E827ABD5-E931-4AF7-AECC-14A49D405FFC}.Release|x64.ActiveCfg = Release|x64
		{E827ABD5-E931-4AF7-AECC-14A49D405FFC}.Release|x64.Build.0 = Release|x64
		{E827ABD5-E931-4AF7-AECC-14A49D405FFC}.Release|x86.ActiveCfg = Release|Win32
		{E827ABD5-E931-4AF7-AECC-14A49D405FFC}.Release|x86.Build.0 = Release|Win32
	EndGlobalSection
	GlobalSection(SolutionProperties) = preSolution
		HideSolutionNode = FALSE
	EndGlobalSection
	GlobalSection(ExtensibilityGlobals) = postSolution
		SolutionGuid = {87DFB66E-0BC7-4643-91A7-DE737B72F647}
	EndGlobalSection
EndGlobal
